<?xml version="1.0" encoding="utf-8"?>
<Project ToolsVersion="4.0" xmlns="http://schemas.microsoft.com/developer/msbuild/2003">
  <ItemGroup>
    <Filter Include="Source Files">
      <UniqueIdentifier>{4FC737F1-C7A5-4376-A066-2A32D752A2FF}</UniqueIdentifier>
      <Extensions>cpp;c;cc;cxx;def;odl;idl;hpj;bat;asm;asmx</Extensions>
    </Filter>
    <Filter Include="Header Files">
      <UniqueIdentifier>{93995380-89BD-4b04-88EB-625FBE52EBFB}</UniqueIdentifier>
      <Extensions>h;hpp;hxx;hm;inl;inc;xsd</Extensions>
    </Filter>
    <Filter Include="Resource Files">
      <UniqueIdentifier>{67DA6AB6-F800-4c08-8B7A-83BB121AAD01}</UniqueIdentifier>
      <Extensions>rc;ico;cur;bmp;dlg;rc2;rct;bin;rgs;gif;jpg;jpeg;jpe;resx;tiff;tif;png;wav</Extensions>
    </Filter>
  </ItemGroup>
  <ItemGroup>
    <ClCompile Include="src\afc.c">
      <Filter>Source Files</Filter>
    </ClCompile>
    <ClCompile Include="common\debug.c">
      <Filter>Source Files</Filter>
    </ClCompile>
    <ClCompile Include="src\debugserver.c">
      <Filter>Source Files</Filter>
    </ClCompile>
    <ClCompile Include="src\device_link_service.c">
      <Filter>Source Files</Filter>
    </ClCompile>
    <ClCompile Include="src\diagnostics_relay.c">
      <Filter>Source Files</Filter>
    </ClCompile>
    <ClCompile Include="src\file_relay.c">
      <Filter>Source Files</Filter>
    </ClCompile>
    <ClCompile Include="src\heartbeat.c">
      <Filter>Source Files</Filter>
    </ClCompile>
    <ClCompile Include="src\house_arrest.c">
      <Filter>Source Files</Filter>
    </ClCompile>
    <ClCompile Include="src\idevice.c">
      <Filter>Source Files</Filter>
    </ClCompile>
    <ClCompile Include="src\installation_proxy.c">
      <Filter>Source Files</Filter>
    </ClCompile>
    <ClCompile Include="src\lockdown.c">
      <Filter>Source Files</Filter>
    </ClCompile>
    <ClCompile Include="src\misagent.c">
      <Filter>Source Files</Filter>
    </ClCompile>
    <ClCompile Include="src\mobile_image_mounter.c">
      <Filter>Source Files</Filter>
    </ClCompile>
    <ClCompile Include="src\mobilebackup.c">
      <Filter>Source Files</Filter>
    </ClCompile>
    <ClCompile Include="src\mobilebackup2.c">
      <Filter>Source Files</Filter>
    </ClCompile>
    <ClCompile Include="src\mobilesync.c">
      <Filter>Source Files</Filter>
    </ClCompile>
    <ClCompile Include="src\notification_proxy.c">
      <Filter>Source Files</Filter>
    </ClCompile>
    <ClCompile Include="src\property_list_service.c">
      <Filter>Source Files</Filter>
    </ClCompile>
    <ClCompile Include="src\restore.c">
      <Filter>Source Files</Filter>
    </ClCompile>
    <ClCompile Include="src\sbservices.c">
      <Filter>Source Files</Filter>
    </ClCompile>
    <ClCompile Include="src\screenshotr.c">
      <Filter>Source Files</Filter>
    </ClCompile>
    <ClCompile Include="src\service.c">
      <Filter>Source Files</Filter>
    </ClCompile>
    <ClCompile Include="common\socket.c">
      <Filter>Source Files</Filter>
    </ClCompile>
    <ClCompile Include="src\syslog_relay.c">
      <Filter>Source Files</Filter>
    </ClCompile>
    <ClCompile Include="common\thread.c">
      <Filter>Source Files</Filter>
    </ClCompile>
    <ClCompile Include="common\userpref.c">
      <Filter>Source Files</Filter>
    </ClCompile>
    <ClCompile Include="common\utils.c">
      <Filter>Source Files</Filter>
    </ClCompile>
    <ClCompile Include="src\webinspector.c">
      <Filter>Source Files</Filter>
    </ClCompile>
  </ItemGroup>
  <ItemGroup>
    <ClInclude Include="src\debugserver.h">
      <Filter>Source Files</Filter>
    </ClInclude>
    <ClInclude Include="src\syslog_relay.h">
      <Filter>Source Files</Filter>
    </ClInclude>
    <ClInclude Include="src\afc.h">
      <Filter>Header Files</Filter>
    </ClInclude>
    <ClInclude Include="include\libimobiledevice\afc.h">
      <Filter>Header Files</Filter>
    </ClInclude>
    <ClInclude Include="include\asprintf.h">
      <Filter>Header Files</Filter>
    </ClInclude>
    <ClInclude Include="common\debug.h">
      <Filter>Header Files</Filter>
    </ClInclude>
    <ClInclude Include="include\libimobiledevice\debugserver.h">
      <Filter>Header Files</Filter>
    </ClInclude>
    <ClInclude Include="src\device_link_service.h">
      <Filter>Header Files</Filter>
    </ClInclude>
    <ClInclude Include="src\diagnostics_relay.h">
      <Filter>Header Files</Filter>
    </ClInclude>
    <ClInclude Include="include\libimobiledevice\diagnostics_relay.h">
      <Filter>Header Files</Filter>
    </ClInclude>
    <ClInclude Include="include\endianness.h">
      <Filter>Header Files</Filter>
    </ClInclude>
    <ClInclude Include="src\file_relay.h">
      <Filter>Header Files</Filter>
    </ClInclude>
    <ClInclude Include="include\libimobiledevice\file_relay.h">
      <Filter>Header Files</Filter>
    </ClInclude>
    <ClInclude Include="src\heartbeat.h">
      <Filter>Header Files</Filter>
    </ClInclude>
    <ClInclude Include="include\libimobiledevice\heartbeat.h">
      <Filter>Header Files</Filter>
    </ClInclude>
    <ClInclude Include="src\house_arrest.h">
      <Filter>Header Files</Filter>
    </ClInclude>
    <ClInclude Include="include\libimobiledevice\house_arrest.h">
      <Filter>Header Files</Filter>
    </ClInclude>
    <ClInclude Include="src\idevice.h">
      <Filter>Header Files</Filter>
    </ClInclude>
    <ClInclude Include="src\installation_proxy.h">
      <Filter>Header Files</Filter>
    </ClInclude>
    <ClInclude Include="include\libimobiledevice\installation_proxy.h">
      <Filter>Header Files</Filter>
    </ClInclude>
    <ClInclude Include="include\libimobiledevice\libimobiledevice.h">
      <Filter>Header Files</Filter>
    </ClInclude>
    <ClInclude Include="include\libimobiledevice\lockdown.h">
      <Filter>Header Files</Filter>
    </ClInclude>
    <ClInclude Include="src\lockdown.h">
      <Filter>Header Files</Filter>
    </ClInclude>
    <ClInclude Include="include\libimobiledevice\misagent.h">
      <Filter>Header Files</Filter>
    </ClInclude>
    <ClInclude Include="src\misagent.h">
      <Filter>Header Files</Filter>
    </ClInclude>
    <ClInclude Include="include\libimobiledevice\mobile_image_mounter.h">
      <Filter>Header Files</Filter>
    </ClInclude>
    <ClInclude Include="src\mobile_image_mounter.h">
      <Filter>Header Files</Filter>
    </ClInclude>
    <ClInclude Include="src\mobilebackup.h">
      <Filter>Header Files</Filter>
    </ClInclude>
    <ClInclude Include="include\libimobiledevice\mobilebackup.h">
      <Filter>Header Files</Filter>
    </ClInclude>
    <ClInclude Include="include\libimobiledevice\mobilebackup2.h">
      <Filter>Header Files</Filter>
    </ClInclude>
    <ClInclude Include="src\mobilebackup2.h">
      <Filter>Header Files</Filter>
    </ClInclude>
    <ClInclude Include="include\libimobiledevice\mobilesync.h">
      <Filter>Header Files</Filter>
    </ClInclude>
    <ClInclude Include="src\mobilesync.h">
      <Filter>Header Files</Filter>
    </ClInclude>
    <ClInclude Include="common\msc.h">
      <Filter>Header Files</Filter>
    </ClInclude>
    <ClInclude Include="include\libimobiledevice\notification_proxy.h">
      <Filter>Header Files</Filter>
    </ClInclude>
    <ClInclude Include="src\notification_proxy.h">
      <Filter>Header Files</Filter>
    </ClInclude>
    <ClInclude Include="include\libimobiledevice\property_list_service.h">
      <Filter>Header Files</Filter>
    </ClInclude>
    <ClInclude Include="src\property_list_service.h">
      <Filter>Header Files</Filter>
    </ClInclude>
    <ClInclude Include="resource.h">
      <Filter>Header Files</Filter>
    </ClInclude>
    <ClInclude Include="src\restore.h">
      <Filter>Header Files</Filter>
    </ClInclude>
    <ClInclude Include="include\libimobiledevice\restore.h">
      <Filter>Header Files</Filter>
    </ClInclude>
    <ClInclude Include="include\libimobiledevice\sbservices.h">
      <Filter>Header Files</Filter>
    </ClInclude>
    <ClInclude Include="src\sbservices.h">
      <Filter>Header Files</Filter>
    </ClInclude>
    <ClInclude Include="include\libimobiledevice\screenshotr.h">
      <Filter>Header Files</Filter>
    </ClInclude>
    <ClInclude Include="src\screenshotr.h">
      <Filter>Header Files</Filter>
    </ClInclude>
    <ClInclude Include="src\service.h">
      <Filter>Header Files</Filter>
    </ClInclude>
    <ClInclude Include="include\libimobiledevice\service.h">
      <Filter>Header Files</Filter>
    </ClInclude>
    <ClInclude Include="common\socket.h">
      <Filter>Header Files</Filter>
    </ClInclude>
    <ClInclude Include="include\libimobiledevice\syslog_relay.h">
      <Filter>Header Files</Filter>
    </ClInclude>
    <ClInclude Include="common\thread.h">
      <Filter>Header Files</Filter>
    </ClInclude>
    <ClInclude Include="common\userpref.h">
      <Filter>Header Files</Filter>
    </ClInclude>
    <ClInclude Include="common\utils.h">
      <Filter>Header Files</Filter>
    </ClInclude>
    <ClInclude Include="include\libimobiledevice\webinspector.h">
      <Filter>Header Files</Filter>
    </ClInclude>
    <ClInclude Include="src\webinspector.h">
      <Filter>Header Files</Filter>
    </ClInclude>
  </ItemGroup>
  <ItemGroup>
    <ResourceCompile Include="libimobiledevice.rc">
      <Filter>Resource Files</Filter>
    </ResourceCompile>
  </ItemGroup>
</Project>